
Microsoft Visual Studio Solution File, Format Version 12.00
# Visual Studio Version 16
VisualStudioVersion = 16.0.29230.47
MinimumVisualStudioVersion = 10.0.40219.1
Project("{FAE04EC0-301F-11D3-BF4B-00C04F79EFBC}") = "ConsoleApp", "ConsoleApp\ConsoleApp.csproj", "{D6E85E27-0672-4F12-BDC7-C22710E12F40}"
EndProject
Project("{2150E333-8FDC-42A3-9474-1A3956D46DE8}") = "三层", "三层", "{ACD91C2C-A0BA-4906-91B9-BBFDAC9CDB58}"
EndProject
Project("{FAE04EC0-301F-11D3-BF4B-00C04F79EFBC}") = "Demo.Model", "Demo.Model\Demo.Model.csproj", "{4E91C7B6-EBB8-41A4-875E-11A4E1FA68D4}"
EndProject
Project("{FAE04EC0-301F-11D3-BF4B-00C04F79EFBC}") = "Demo.Dal", "Demo.Dal\Demo.Dal.csproj", "{411B8752-E708-4A53-B9D7-619E2754D59F}"
EndProject
Project("{FAE04EC0-301F-11D3-BF4B-00C04F79EFBC}") = "Demo.Bll", "Demo.Bll\Demo.Bll.csproj", "{4EAE1485-2A52-4068-AC54-60B9A3466367}"
EndProject
Global
	GlobalSection(SolutionConfigurationPlatforms) = preSolution
		Debug|Any CPU = Debug|Any CPU
		Release|Any CPU = Release|Any CPU
	EndGlobalSection
	GlobalSection(ProjectConfigurationPlatforms) = postSolution
		{D6E85E27-0672-4F12-BDC7-C22710E12F40}.Debug|Any CPU.ActiveCfg = Debug|Any CPU
		{D6E85E27-0672-4F12-BDC7-C22710E12F40}.Debug|Any CPU.Build.0 = Debug|Any CPU
		{D6E85E27-0672-4F12-BDC7-C22710E12F40}.Release|Any CPU.ActiveCfg = Release|Any CPU
		{D6E85E27-0672-4F12-BDC7-C22710E12F40}.Release|Any CPU.Build.0 = Release|Any CPU
		{4E91C7B6-EBB8-41A4-875E-11A4E1FA68D4}.Debug|Any CPU.ActiveCfg = Debug|Any CPU
		{4E91C7B6-EBB8-41A4-875E-11A4E1FA68D4}.Debug|Any CPU.Build.0 = Debug|Any CPU
		{4E91C7B6-EBB8-41A4-875E-11A4E1FA68D4}.Release|Any CPU.ActiveCfg = Release|Any CPU
		{4E91C7B6-EBB8-41A4-875E-11A4E1FA68D4}.Release|Any CPU.Build.0 = Release|Any CPU
		{411B8752-E708-4A53-B9D7-619E2754D59F}.Debug|Any CPU.ActiveCfg = Debug|Any CPU
		{411B8752-E708-4A53-B9D7-619E2754D59F}.Debug|Any CPU.Build.0 = Debug|Any CPU
		{411B8752-E708-4A53-B9D7-619E2754D59F}.Release|Any CPU.ActiveCfg = Release|Any CPU
		{411B8752-E708-4A53-B9D7-619E2754D59F}.Release|Any CPU.Build.0 = Release|Any CPU
		{4EAE1485-2A52-4068-AC54-60B9A3466367}.Debug|Any CPU.ActiveCfg = Debug|Any CPU
		{4EAE1485-2A52-4068-AC54-60B9A3466367}.Debug|Any CPU.Build.0 = Debug|Any CPU
		{4EAE1485-2A52-4068-AC54-60B9A3466367}.Release|Any CPU.ActiveCfg = Release|Any CPU
		{4EAE1485-2A52-4068-AC54-60B9A3466367}.Release|Any CPU.Build.0 = Release|Any CPU
	EndGlobalSection
	GlobalSection(SolutionProperties) = preSolution
		HideSolutionNode = FALSE
	EndGlobalSection
	GlobalSection(NestedProjects) = preSolution
		{4E91C7B6-EBB8-41A4-875E-11A4E1FA68D4} = {ACD91C2C-A0BA-4906-91B9-BBFDAC9CDB58}
		{411B8752-E708-4A53-B9D7-619E2754D59F} = {ACD91C2C-A0BA-4906-91B9-BBFDAC9CDB58}
		{4EAE1485-2A52-4068-AC54-60B9A3466367} = {ACD91C2C-A0BA-4906-91B9-BBFDAC9CDB58}
	EndGlobalSection
	GlobalSection(ExtensibilityGlobals) = postSolution
		SolutionGuid = {CBFCEDD3-FF3E-4630-966A-45FA3A013C60}
	EndGlobalSection
EndGlobal
